
Microsoft Visual Studio Solution File, Format Version 12.00
# Visual Studio Version 17
VisualStudioVersion = 17.11.35222.181
MinimumVisualStudioVersion = 10.0.40219.1
Project("{FAE04EC0-301F-11D3-BF4B-00C04F79EFBC}") = "Store", "Store\Store.csproj", "{433336AD-C7AB-48BF-BAE6-96558771A6BB}"
EndProject
Global
	GlobalSection(SolutionConfigurationPlatforms) = preSolution
		Debug|Any CPU = Debug|Any CPU
		Release|Any CPU = Release|Any CPU
	EndGlobalSection
	GlobalSection(ProjectConfigurationPlatforms) = postSolution
		{433336AD-C7AB-48BF-BAE6-96558771A6BB}.Debug|Any CPU.ActiveCfg = Debug|Any CPU
		{433336AD-C7AB-48BF-BAE6-96558771A6BB}.Debug|Any CPU.Build.0 = Debug|Any CPU
		{433336AD-C7AB-48BF-BAE6-96558771A6BB}.Release|Any CPU.ActiveCfg = Release|Any CPU
		{433336AD-C7AB-48BF-BAE6-96558771A6BB}.Release|Any CPU.Build.0 = Release|Any CPU
	EndGlobalSection
	GlobalSection(SolutionProperties) = preSolution
		HideSolutionNode = FALSE
	EndGlobalSection
	GlobalSection(ExtensibilityGlobals) = postSolution
		SolutionGuid = {A9DDE068-2627-4B68-8D3E-F0F8AE5C49CB}
	EndGlobalSection
EndGlobal
